// !$*UTF8*$!
{
	archiveVersion = 1;
	classes = {
	};
	objectVersion = 50;
	objects = {

/* Begin PBXBuildFile section */
		D406D87521E7E39A0061290D /* Result.swift in Sources */ = {isa = PBXBuildFile; fileRef = D406D87421E7E39A0061290D /* Result.swift */; };
		D423842E21E13B970062D63A /* AppDelegate.swift in Sources */ = {isa = PBXBuildFile; fileRef = D423842D21E13B970062D63A /* AppDelegate.swift */; };
		D423843321E13B970062D63A /* Main.storyboard in Resources */ = {isa = PBXBuildFile; fileRef = D423843121E13B970062D63A /* Main.storyboard */; };
		D423843521E13B9A0062D63A /* Assets.xcassets in Resources */ = {isa = PBXBuildFile; fileRef = D423843421E13B9A0062D63A /* Assets.xcassets */; };
		D423843821E13B9A0062D63A /* LaunchScreen.storyboard in Resources */ = {isa = PBXBuildFile; fileRef = D423843621E13B9A0062D63A /* LaunchScreen.storyboard */; };
		D423844021E1402E0062D63A /* MoviesTableViewController.swift in Sources */ = {isa = PBXBuildFile; fileRef = D423843F21E1402E0062D63A /* MoviesTableViewController.swift */; };
		D423844221E149C90062D63A /* InfoViewController.swift in Sources */ = {isa = PBXBuildFile; fileRef = D423844121E149C90062D63A /* InfoViewController.swift */; };
		D423844421E2040A0062D63A /* Movie.swift in Sources */ = {isa = PBXBuildFile; fileRef = D423844321E2040A0062D63A /* Movie.swift */; };
		D423844A21E238780062D63A /* CharactersViewController.swift in Sources */ = {isa = PBXBuildFile; fileRef = D423844921E238780062D63A /* CharactersViewController.swift */; };
		D423844C21E23A530062D63A /* CharacterTableViewCell.swift in Sources */ = {isa = PBXBuildFile; fileRef = D423844B21E23A530062D63A /* CharacterTableViewCell.swift */; };
		D423844E21E24D500062D63A /* Character.swift in Sources */ = {isa = PBXBuildFile; fileRef = D423844D21E24D500062D63A /* Character.swift */; };
		D423845121E25A9B0062D63A /* CharacterInfoViewController.swift in Sources */ = {isa = PBXBuildFile; fileRef = D423845021E25A9B0062D63A /* CharacterInfoViewController.swift */; };
		D423845821E35E780062D63A /* Planet.swift in Sources */ = {isa = PBXBuildFile; fileRef = D423845721E35E780062D63A /* Planet.swift */; };
		D423845A21E366C90062D63A /* PlanetInfoViewController.swift in Sources */ = {isa = PBXBuildFile; fileRef = D423845921E366C90062D63A /* PlanetInfoViewController.swift */; };
		D423845C21E512D20062D63A /* Loader.swift in Sources */ = {isa = PBXBuildFile; fileRef = D423845B21E512D20062D63A /* Loader.swift */; };
		D423845E21E65D090062D63A /* SearchTableViewController.swift in Sources */ = {isa = PBXBuildFile; fileRef = D423845D21E65D090062D63A /* SearchTableViewController.swift */; };
		D423846021E685C00062D63A /* SegmentViewController.swift in Sources */ = {isa = PBXBuildFile; fileRef = D423845F21E685C00062D63A /* SegmentViewController.swift */; };
		D423846221E7D19B0062D63A /* Species.swift in Sources */ = {isa = PBXBuildFile; fileRef = D423846121E7D19B0062D63A /* Species.swift */; };
/* End PBXBuildFile section */

/* Begin PBXFileReference section */
		D406D87421E7E39A0061290D /* Result.swift */ = {isa = PBXFileReference; lastKnownFileType = sourcecode.swift; path = Result.swift; sourceTree = "<group>"; };
		D423842A21E13B970062D63A /* SW_TestTask.app */ = {isa = PBXFileReference; explicitFileType = wrapper.application; includeInIndex = 0; path = SW_TestTask.app; sourceTree = BUILT_PRODUCTS_DIR; };
		D423842D21E13B970062D63A /* AppDelegate.swift */ = {isa = PBXFileReference; lastKnownFileType = sourcecode.swift; path = AppDelegate.swift; sourceTree = "<group>"; };
		D423843221E13B970062D63A /* Base */ = {isa = PBXFileReference; lastKnownFileType = file.storyboard; name = Base; path = Base.lproj/Main.storyboard; sourceTree = "<group>"; };
		D423843421E13B9A0062D63A /* Assets.xcassets */ = {isa = PBXFileReference; lastKnownFileType = folder.assetcatalog; path = Assets.xcassets; sourceTree = "<group>"; };
		D423843721E13B9A0062D63A /* Base */ = {isa = PBXFileReference; lastKnownFileType = file.storyboard; name = Base; path = Base.lproj/LaunchScreen.storyboard; sourceTree = "<group>"; };
		D423843921E13B9A0062D63A /* Info.plist */ = {isa = PBXFileReference; lastKnownFileType = text.plist.xml; path = Info.plist; sourceTree = "<group>"; };
		D423843F21E1402E0062D63A /* MoviesTableViewController.swift */ = {isa = PBXFileReference; lastKnownFileType = sourcecode.swift; path = MoviesTableViewController.swift; sourceTree = "<group>"; };
		D423844121E149C90062D63A /* InfoViewController.swift */ = {isa = PBXFileReference; lastKnownFileType = sourcecode.swift; path = InfoViewController.swift; sourceTree = "<group>"; };
		D423844321E2040A0062D63A /* Movie.swift */ = {isa = PBXFileReference; lastKnownFileType = sourcecode.swift; path = Movie.swift; sourceTree = "<group>"; };
		D423844921E238780062D63A /* CharactersViewController.swift */ = {isa = PBXFileReference; lastKnownFileType = sourcecode.swift; path = CharactersViewController.swift; sourceTree = "<group>"; };
		D423844B21E23A530062D63A /* CharacterTableViewCell.swift */ = {isa = PBXFileReference; lastKnownFileType = sourcecode.swift; path = CharacterTableViewCell.swift; sourceTree = "<group>"; };
		D423844D21E24D500062D63A /* Character.swift */ = {isa = PBXFileReference; lastKnownFileType = sourcecode.swift; path = Character.swift; sourceTree = "<group>"; };
		D423845021E25A9B0062D63A /* CharacterInfoViewController.swift */ = {isa = PBXFileReference; lastKnownFileType = sourcecode.swift; path = CharacterInfoViewController.swift; sourceTree = "<group>"; };
		D423845721E35E780062D63A /* Planet.swift */ = {isa = PBXFileReference; lastKnownFileType = sourcecode.swift; path = Planet.swift; sourceTree = "<group>"; };
		D423845921E366C90062D63A /* PlanetInfoViewController.swift */ = {isa = PBXFileReference; lastKnownFileType = sourcecode.swift; path = PlanetInfoViewController.swift; sourceTree = "<group>"; };
		D423845B21E512D20062D63A /* Loader.swift */ = {isa = PBXFileReference; lastKnownFileType = sourcecode.swift; path = Loader.swift; sourceTree = "<group>"; };
		D423845D21E65D090062D63A /* SearchTableViewController.swift */ = {isa = PBXFileReference; lastKnownFileType = sourcecode.swift; path = SearchTableViewController.swift; sourceTree = "<group>"; };
		D423845F21E685C00062D63A /* SegmentViewController.swift */ = {isa = PBXFileReference; lastKnownFileType = sourcecode.swift; path = SegmentViewController.swift; sourceTree = "<group>"; };
		D423846121E7D19B0062D63A /* Species.swift */ = {isa = PBXFileReference; lastKnownFileType = sourcecode.swift; path = Species.swift; sourceTree = "<group>"; };
/* End PBXFileReference section */

/* Begin PBXFrameworksBuildPhase section */
		D423842721E13B970062D63A /* Frameworks */ = {
			isa = PBXFrameworksBuildPhase;
			buildActionMask = 2147483647;
			files = (
			);
			runOnlyForDeploymentPostprocessing = 0;
		};
/* End PBXFrameworksBuildPhase section */

/* Begin PBXGroup section */
		D423842121E13B970062D63A = {
			isa = PBXGroup;
			children = (
				D423842C21E13B970062D63A /* SW_TestTask */,
				D423842B21E13B970062D63A /* Products */,
			);
			sourceTree = "<group>";
		};
		D423842B21E13B970062D63A /* Products */ = {
			isa = PBXGroup;
			children = (
				D423842A21E13B970062D63A /* SW_TestTask.app */,
			);
			name = Products;
			sourceTree = "<group>";
		};
		D423842C21E13B970062D63A /* SW_TestTask */ = {
			isa = PBXGroup;
			children = (
				D423845421E26BA70062D63A /* Cells */,
				D423844F21E24E010062D63A /* Models */,
				D423842D21E13B970062D63A /* AppDelegate.swift */,
				D423843F21E1402E0062D63A /* MoviesTableViewController.swift */,
				D423845D21E65D090062D63A /* SearchTableViewController.swift */,
				D423845F21E685C00062D63A /* SegmentViewController.swift */,
				D423844121E149C90062D63A /* InfoViewController.swift */,
				D423844921E238780062D63A /* CharactersViewController.swift */,
				D423845021E25A9B0062D63A /* CharacterInfoViewController.swift */,
				D423845921E366C90062D63A /* PlanetInfoViewController.swift */,
				D423843121E13B970062D63A /* Main.storyboard */,
				D423843421E13B9A0062D63A /* Assets.xcassets */,
				D423843621E13B9A0062D63A /* LaunchScreen.storyboard */,
				D423843921E13B9A0062D63A /* Info.plist */,
			);
			path = SW_TestTask;
			sourceTree = "<group>";
		};
		D423844F21E24E010062D63A /* Models */ = {
			isa = PBXGroup;
			children = (
				D423844321E2040A0062D63A /* Movie.swift */,
				D423844D21E24D500062D63A /* Character.swift */,
				D423845721E35E780062D63A /* Planet.swift */,
				D423845B21E512D20062D63A /* Loader.swift */,
				D423846121E7D19B0062D63A /* Species.swift */,
				D406D87421E7E39A0061290D /* Result.swift */,
			);
			path = Models;
			sourceTree = "<group>";
		};
		D423845421E26BA70062D63A /* Cells */ = {
			isa = PBXGroup;
			children = (
				D423844B21E23A530062D63A /* CharacterTableViewCell.swift */,
			);
			path = Cells;
			sourceTree = "<group>";
		};
/* End PBXGroup section */

/* Begin PBXNativeTarget section */
		D423842921E13B970062D63A /* SW_TestTask */ = {
			isa = PBXNativeTarget;
			buildConfigurationList = D423843C21E13B9A0062D63A /* Build configuration list for PBXNativeTarget "SW_TestTask" */;
			buildPhases = (
				D423842621E13B970062D63A /* Sources */,
				D423842721E13B970062D63A /* Frameworks */,
				D423842821E13B970062D63A /* Resources */,
			);
			buildRules = (
			);
			dependencies = (
			);
			name = SW_TestTask;
			productName = SW_TestTask;
			productReference = D423842A21E13B970062D63A /* SW_TestTask.app */;
			productType = "com.apple.product-type.application";
		};
/* End PBXNativeTarget section */

/* Begin PBXProject section */
		D423842221E13B970062D63A /* Project object */ = {
			isa = PBXProject;
			attributes = {
				LastSwiftUpdateCheck = 1010;
				LastUpgradeCheck = 1010;
				ORGANIZATIONNAME = "Tatiana Knysh";
				TargetAttributes = {
					D423842921E13B970062D63A = {
						CreatedOnToolsVersion = 10.1;
					};
				};
			};
			buildConfigurationList = D423842521E13B970062D63A /* Build configuration list for PBXProject "SW_TestTask" */;
			compatibilityVersion = "Xcode 9.3";
			developmentRegion = en;
			hasScannedForEncodings = 0;
			knownRegions = (
				en,
				Base,
			);
			mainGroup = D423842121E13B970062D63A;
			productRefGroup = D423842B21E13B970062D63A /* Products */;
			projectDirPath = "";
			projectRoot = "";
			targets = (
				D423842921E13B970062D63A /* SW_TestTask */,
			);
		};
/* End PBXProject section */

/* Begin PBXResourcesBuildPhase section */
		D423842821E13B970062D63A /* Resources */ = {
			isa = PBXResourcesBuildPhase;
			buildActionMask = 2147483647;
			files = (
				D423843821E13B9A0062D63A /* LaunchScreen.storyboard in Resources */,
				D423843521E13B9A0062D63A /* Assets.xcassets in Resources */,
				D423843321E13B970062D63A /* Main.storyboard in Resources */,
			);
			runOnlyForDeploymentPostprocessing = 0;
		};
/* End PBXResourcesBuildPhase section */

/* Begin PBXSourcesBuildPhase section */
		D423842621E13B970062D63A /* Sources */ = {
			isa = PBXSourcesBuildPhase;
			buildActionMask = 2147483647;
			files = (
				D423844021E1402E0062D63A /* MoviesTableViewController.swift in Sources */,
				D423845121E25A9B0062D63A /* CharacterInfoViewController.swift in Sources */,
				D423846021E685C00062D63A /* SegmentViewController.swift in Sources */,
				D423845C21E512D20062D63A /* Loader.swift in Sources */,
				D423844C21E23A530062D63A /* CharacterTableViewCell.swift in Sources */,
				D423844221E149C90062D63A /* InfoViewController.swift in Sources */,
				D406D87521E7E39A0061290D /* Result.swift in Sources */,
				D423845A21E366C90062D63A /* PlanetInfoViewController.swift in Sources */,
				D423844A21E238780062D63A /* CharactersViewController.swift in Sources */,
				D423846221E7D19B0062D63A /* Species.swift in Sources */,
				D423845821E35E780062D63A /* Planet.swift in Sources */,
				D423844421E2040A0062D63A /* Movie.swift in Sources */,
				D423842E21E13B970062D63A /* AppDelegate.swift in Sources */,
				D423845E21E65D090062D63A /* SearchTableViewController.swift in Sources */,
				D423844E21E24D500062D63A /* Character.swift in Sources */,
			);
			runOnlyForDeploymentPostprocessing = 0;
		};
/* End PBXSourcesBuildPhase section */

/* Begin PBXVariantGroup section */
		D423843121E13B970062D63A /* Main.storyboard */ = {
			isa = PBXVariantGroup;
			children = (
				D423843221E13B970062D63A /* Base */,
			);
			name = Main.storyboard;
			sourceTree = "<group>";
		};
		D423843621E13B9A0062D63A /* LaunchScreen.storyboard */ = {
			isa = PBXVariantGroup;
			children = (
				D423843721E13B9A0062D63A /* Base */,
			);
			name = LaunchScreen.storyboard;
			sourceTree = "<group>";
		};
/* End PBXVariantGroup section */

/* Begin XCBuildConfiguration section */
		D423843A21E13B9A0062D63A /* Debug */ = {
			isa = XCBuildConfiguration;
			buildSettings = {
				ALWAYS_SEARCH_USER_PATHS = NO;
				CLANG_ANALYZER_NONNULL = YES;
				CLANG_ANALYZER_NUMBER_OBJECT_CONVERSION = YES_AGGRESSIVE;
				CLANG_CXX_LANGUAGE_STANDARD = "gnu++14";
				CLANG_CXX_LIBRARY = "libc++";
				CLANG_ENABLE_MODULES = YES;
				CLANG_ENABLE_OBJC_ARC = YES;
				CLANG_ENABLE_OBJC_WEAK = YES;
				CLANG_WARN_BLOCK_CAPTURE_AUTORELEASING = YES;
				CLANG_WARN_BOOL_CONVERSION = YES;
				CLANG_WARN_COMMA = YES;
				CLANG_WARN_CONSTANT_CONVERSION = YES;
				CLANG_WARN_DEPRECATED_OBJC_IMPLEMENTATIONS = YES;
				CLANG_WARN_DIRECT_OBJC_ISA_USAGE = YES_ERROR;
				CLANG_WARN_DOCUMENTATION_COMMENTS = YES;
				CLANG_WARN_EMPTY_BODY = YES;
				CLANG_WARN_ENUM_CONVERSION = YES;
				CLANG_WARN_INFINITE_RECURSION = YES;
				CLANG_WARN_INT_CONVERSION = YES;
				CLANG_WARN_NON_LITERAL_NULL_CONVERSION = YES;
				CLANG_WARN_OBJC_IMPLICIT_RETAIN_SELF = YES;
				CLANG_WARN_OBJC_LITERAL_CONVERSION = YES;
				CLANG_WARN_OBJC_ROOT_CLASS = YES_ERROR;
				CLANG_WARN_RANGE_LOOP_ANALYSIS = YES;
				CLANG_WARN_STRICT_PROTOTYPES = YES;
				CLANG_WARN_SUSPICIOUS_MOVE = YES;
				CLANG_WARN_UNGUARDED_AVAILABILITY = YES_AGGRESSIVE;
				CLANG_WARN_UNREACHABLE_CODE = YES;
				CLANG_WARN__DUPLICATE_METHOD_MATCH = YES;
				CODE_SIGN_IDENTITY = "iPhone Developer";
				COPY_PHASE_STRIP = NO;
				DEBUG_INFORMATION_FORMAT = dwarf;
				ENABLE_STRICT_OBJC_MSGSEND = YES;
				ENABLE_TESTABILITY = YES;
				GCC_C_LANGUAGE_STANDARD = gnu11;
				GCC_DYNAMIC_NO_PIC = NO;
				GCC_NO_COMMON_BLOCKS = YES;
				GCC_OPTIMIZATION_LEVEL = 0;
				GCC_PREPROCESSOR_DEFINITIONS = (
					"DEBUG=1",
					"$(inherited)",
				);
				GCC_WARN_64_TO_32_BIT_CONVERSION = YES;
				GCC_WARN_ABOUT_RETURN_TYPE = YES_ERROR;
				GCC_WARN_UNDECLARED_SELECTOR = YES;
				GCC_WARN_UNINITIALIZED_AUTOS = YES_AGGRESSIVE;
				GCC_WARN_UNUSED_FUNCTION = YES;
				GCC_WARN_UNUSED_VARIABLE = YES;
				IPHONEOS_DEPLOYMENT_TARGET = 12.1;
				MTL_ENABLE_DEBUG_INFO = INCLUDE_SOURCE;
				MTL_FAST_MATH = YES;
				ONLY_ACTIVE_ARCH = YES;
				SDKROOT = iphoneos;
				SWIFT_ACTIVE_COMPILATION_CONDITIONS = DEBUG;
				SWIFT_OPTIMIZATION_LEVEL = "-Onone";
			};
			name = Debug;
		};
		D423843B21E13B9A0062D63A /* Release */ = {
			isa = XCBuildConfiguration;
			buildSettings = {
				ALWAYS_SEARCH_USER_PATHS = NO;
				CLANG_ANALYZER_NONNULL = YES;
				CLANG_ANALYZER_NUMBER_OBJECT_CONVERSION = YES_AGGRESSIVE;
				CLANG_CXX_LANGUAGE_STANDARD = "gnu++14";
				CLANG_CXX_LIBRARY = "libc++";
				CLANG_ENABLE_MODULES = YES;
				CLANG_ENABLE_OBJC_ARC = YES;
				CLANG_ENABLE_OBJC_WEAK = YES;
				CLANG_WARN_BLOCK_CAPTURE_AUTORELEASING = YES;
				CLANG_WARN_BOOL_CONVERSION = YES;
				CLANG_WARN_COMMA = YES;
				CLANG_WARN_CONSTANT_CONVERSION = YES;
				CLANG_WARN_DEPRECATED_OBJC_IMPLEMENTATIONS = YES;
				CLANG_WARN_DIRECT_OBJC_ISA_USAGE = YES_ERROR;
				CLANG_WARN_DOCUMENTATION_COMMENTS = YES;
				CLANG_WARN_EMPTY_BODY = YES;
				CLANG_WARN_ENUM_CONVERSION = YES;
				CLANG_WARN_INFINITE_RECURSION = YES;
				CLANG_WARN_INT_CONVERSION = YES;
				CLANG_WARN_NON_LITERAL_NULL_CONVERSION = YES;
				CLANG_WARN_OBJC_IMPLICIT_RETAIN_SELF = YES;
				CLANG_WARN_OBJC_LITERAL_CONVERSION = YES;
				CLANG_WARN_OBJC_ROOT_CLASS = YES_ERROR;
				CLANG_WARN_RANGE_LOOP_ANALYSIS = YES;
				CLANG_WARN_STRICT_PROTOTYPES = YES;
				CLANG_WARN_SUSPICIOUS_MOVE = YES;
				CLANG_WARN_UNGUARDED_AVAILABILITY = YES_AGGRESSIVE;
				CLANG_WARN_UNREACHABLE_CODE = YES;
				CLANG_WARN__DUPLICATE_METHOD_MATCH = YES;
				CODE_SIGN_IDENTITY = "iPhone Developer";
				COPY_PHASE_STRIP = NO;
				DEBUG_INFORMATION_FORMAT = "dwarf-with-dsym";
				ENABLE_NS_ASSERTIONS = NO;
				ENABLE_STRICT_OBJC_MSGSEND = YES;
				GCC_C_LANGUAGE_STANDARD = gnu11;
				GCC_NO_COMMON_BLOCKS = YES;
				GCC_WARN_64_TO_32_BIT_CONVERSION = YES;
				GCC_WARN_ABOUT_RETURN_TYPE = YES_ERROR;
				GCC_WARN_UNDECLARED_SELECTOR = YES;
				GCC_WARN_UNINITIALIZED_AUTOS = YES_AGGRESSIVE;
				GCC_WARN_UNUSED_FUNCTION = YES;
				GCC_WARN_UNUSED_VARIABLE = YES;
				IPHONEOS_DEPLOYMENT_TARGET = 12.1;
				MTL_ENABLE_DEBUG_INFO = NO;
				MTL_FAST_MATH = YES;
				SDKROOT = iphoneos;
				SWIFT_COMPILATION_MODE = wholemodule;
				SWIFT_OPTIMIZATION_LEVEL = "-O";
				VALIDATE_PRODUCT = YES;
			};
			name = Release;
		};
		D423843D21E13B9A0062D63A /* Debug */ = {
			isa = XCBuildConfiguration;
			buildSettings = {
				ASSETCATALOG_COMPILER_APPICON_NAME = AppIcon;
				CODE_SIGN_STYLE = Automatic;
				DEVELOPMENT_TEAM = 3K4E625YXQ;
				INFOPLIST_FILE = SW_TestTask/Info.plist;
				LD_RUNPATH_SEARCH_PATHS = (
					"$(inherited)",
					"@executable_path/Frameworks",
				);
				PRODUCT_BUNDLE_IDENTIFIER = "TK.SW-TestTask";
				PRODUCT_NAME = "$(TARGET_NAME)";
				SWIFT_VERSION = 4.2;
				TARGETED_DEVICE_FAMILY = "1,2";
			};
			name = Debug;
		};
		D423843E21E13B9A0062D63A /* Release */ = {
			isa = XCBuildConfiguration;
			buildSettings = {
				ASSETCATALOG_COMPILER_APPICON_NAME = AppIcon;
				CODE_SIGN_STYLE = Automatic;
				DEVELOPMENT_TEAM = 3K4E625YXQ;
				INFOPLIST_FILE = SW_TestTask/Info.plist;
				LD_RUNPATH_SEARCH_PATHS = (
					"$(inherited)",
					"@executable_path/Frameworks",
				);
				PRODUCT_BUNDLE_IDENTIFIER = "TK.SW-TestTask";
				PRODUCT_NAME = "$(TARGET_NAME)";
				SWIFT_VERSION = 4.2;
				TARGETED_DEVICE_FAMILY = "1,2";
			};
			name = Release;
		};
/* End XCBuildConfiguration section */

/* Begin XCConfigurationList section */
		D423842521E13B970062D63A /* Build configuration list for PBXProject "SW_TestTask" */ = {
			isa = XCConfigurationList;
			buildConfigurations = (
				D423843A21E13B9A0062D63A /* Debug */,
				D423843B21E13B9A0062D63A /* Release */,
			);
			defaultConfigurationIsVisible = 0;
			defaultConfigurationName = Release;
		};
		D423843C21E13B9A0062D63A /* Build configuration list for PBXNativeTarget "SW_TestTask" */ = {
			isa = XCConfigurationList;
			buildConfigurations = (
				D423843D21E13B9A0062D63A /* Debug */,
				D423843E21E13B9A0062D63A /* Release */,
			);
			defaultConfigurationIsVisible = 0;
			defaultConfigurationName = Release;
		};
/* End XCConfigurationList section */
	};
	rootObject = D423842221E13B970062D63A /* Project object */;
}
